
Microsoft Visual Studio Solution File, Format Version 12.00
# Visual Studio Version 17
VisualStudioVersion = 17.7.34221.43
MinimumVisualStudioVersion = 10.0.40219.1
Project("{FAE04EC0-301F-11D3-BF4B-00C04F79EFBC}") = "Pop_Maria_Lab1", "Pop_Maria_Lab1.csproj", "{4BE16985-81F3-48D4-A22E-3FBBD8EA2B9E}"
EndProject
Global
	GlobalSection(SolutionConfigurationPlatforms) = preSolution
		Debug|Any CPU = Debug|Any CPU
		Release|Any CPU = Release|Any CPU
	EndGlobalSection
	GlobalSection(ProjectConfigurationPlatforms) = postSolution
		{4BE16985-81F3-48D4-A22E-3FBBD8EA2B9E}.Debug|Any CPU.ActiveCfg = Debug|Any CPU
		{4BE16985-81F3-48D4-A22E-3FBBD8EA2B9E}.Debug|Any CPU.Build.0 = Debug|Any CPU
		{4BE16985-81F3-48D4-A22E-3FBBD8EA2B9E}.Release|Any CPU.ActiveCfg = Release|Any CPU
		{4BE16985-81F3-48D4-A22E-3FBBD8EA2B9E}.Release|Any CPU.Build.0 = Release|Any CPU
	EndGlobalSection
	GlobalSection(SolutionProperties) = preSolution
		HideSolutionNode = FALSE
	EndGlobalSection
	GlobalSection(ExtensibilityGlobals) = postSolution
		SolutionGuid = {B59EB33B-4990-437E-85D6-AD64D72E4E05}
	EndGlobalSection
EndGlobal
